dependencies:
- name: metrics-server
  repository: https://kubernetes-sigs.github.io/metrics-server/
  version: 3.5.0
- name: hull
  repository: https://vidispine.github.io/hull
  version: 1.23.3
digest: sha256:487590046010f702f70bf29d9c8986cb0c48b7f23dcd03bf13e74b60422b7ba9
generated: "2022-03-22T10:18:03.9389254+01:00"
